{
  "lockFileVersion": 11,
  "registryFileHashes": {
    "https://bcr.bazel.build/bazel_registry.json": "8a28e4aff06ee60aed2a8c281907fb8bcbf3b753c91fb5a5c57da3215d5b3497",
    "https://bcr.bazel.build/modules/abseil-cpp/20210324.2/MODULE.bazel": "7cd0312e064fde87c8d1cd79ba06c876bd23630c83466e9500321be55c96ace2",
    "https://bcr.bazel.build/modules/abseil-cpp/20211102.0/MODULE.bazel": "70390338f7a5106231d20620712f7cccb659cd0e9d073d1991c038eb9fc57589",
    "https://bcr.bazel.build/modules/abseil-cpp/20230125.1/MODULE.bazel": "89047429cb0207707b2dface14ba7f8df85273d484c2572755be4bab7ce9c3a0",
    "https://bcr.bazel.build/modules/abseil-cpp/20230802.0.bcr.1/MODULE.bazel": "1c8cec495288dccd14fdae6e3f95f772c1c91857047a098fad772034264cc8cb",
    "https://bcr.bazel.build/modules/abseil-cpp/20230802.0.bcr.1/source.json": "14892cc698e02ffedf4967546e6bedb7245015906888d3465fcf27c90a26da10",
    "https://bcr.bazel.build/modules/apple_support/1.5.0/MODULE.bazel": "50341a62efbc483e8a2a6aec30994a58749bd7b885e18dd96aa8c33031e558ef",
    "https://bcr.bazel.build/modules/apple_support/1.5.0/source.json": "eb98a7627c0bc486b57f598ad8da50f6625d974c8f723e9ea71bd39f709c9862",
    "https://bcr.bazel.build/modules/bazel_features/1.1.1/MODULE.bazel": "27b8c79ef57efe08efccbd9dd6ef70d61b4798320b8d3c134fd571f78963dbcd",
    "https://bcr.bazel.build/modules/bazel_features/1.11.0/MODULE.bazel": "f9382337dd5a474c3b7d334c2f83e50b6eaedc284253334cf823044a26de03e8",
    "https://bcr.bazel.build/modules/bazel_features/1.28.0/MODULE.bazel": "4b4200e6cbf8fa335b2c3f43e1d6ef3e240319c33d43d60cc0fbd4b87ece299d",
    "https://bcr.bazel.build/modules/bazel_features/1.28.0/source.json": "16a3fc5b4483cb307643791f5a4b7365fa98d2e70da7c378cdbde55f0c0b32cf",
    "https://bcr.bazel.build/modules/bazel_skylib/1.0.3/MODULE.bazel": "bcb0fd896384802d1ad283b4e4eb4d718eebd8cb820b0a2c3a347fb971afd9d8",
    "https://bcr.bazel.build/modules/bazel_skylib/1.2.0/MODULE.bazel": "44fe84260e454ed94ad326352a698422dbe372b21a1ac9f3eab76eb531223686",
    "https://bcr.bazel.build/modules/bazel_skylib/1.2.1/MODULE.bazel": "f35baf9da0efe45fa3da1696ae906eea3d615ad41e2e3def4aeb4e8bc0ef9a7a",
    "https://bcr.bazel.build/modules/bazel_skylib/1.3.0/MODULE.bazel": "20228b92868bf5cfc41bda7afc8a8ba2a543201851de39d990ec957b513579c5",
    "https://bcr.bazel.build/modules/bazel_skylib/1.4.1/MODULE.bazel": "a0dcb779424be33100dcae821e9e27e4f2901d9dfd5333efe5ac6a8d7ab75e1d",
    "https://bcr.bazel.build/modules/bazel_skylib/1.6.1/MODULE.bazel": "8fdee2dbaace6c252131c00e1de4b165dc65af02ea278476187765e1a617b917",
    "https://bcr.bazel.build/modules/bazel_skylib/1.7.1/MODULE.bazel": "3120d80c5861aa616222ec015332e5f8d3171e062e3e804a2a0253e1be26e59b",
    "https://bcr.bazel.build/modules/bazel_skylib/1.8.2/MODULE.bazel": "69ad6927098316848b34a9142bcc975e018ba27f08c4ff403f50c1b6e646ca67",
    "https://bcr.bazel.build/modules/bazel_skylib/1.8.2/source.json": "34a3c8bcf233b835eb74be9d628899bb32999d3e0eadef1947a0a562a2b16ffb",
    "https://bcr.bazel.build/modules/buildozer/7.1.2/MODULE.bazel": "2e8dd40ede9c454042645fd8d8d0cd1527966aa5c919de86661e62953cd73d84",
    "https://bcr.bazel.build/modules/buildozer/7.1.2/source.json": "c9028a501d2db85793a6996205c8de120944f50a0d570438fcae0457a5f9d1f8",
    "https://bcr.bazel.build/modules/googletest/1.11.0/MODULE.bazel": "3a83f095183f66345ca86aa13c58b59f9f94a2f81999c093d4eeaa2d262d12f4",
    "https://bcr.bazel.build/modules/googletest/1.14.0/MODULE.bazel": "cfbcbf3e6eac06ef9d85900f64424708cc08687d1b527f0ef65aa7517af8118f",
    "https://bcr.bazel.build/modules/googletest/1.14.0/source.json": "2478949479000fdd7de9a3d0107ba2c85bb5f961c3ecb1aa448f52549ce310b5",
    "https://bcr.bazel.build/modules/jsoncpp/1.9.5/MODULE.bazel": "31271aedc59e815656f5736f282bb7509a97c7ecb43e927ac1a37966e0578075",
    "https://bcr.bazel.build/modules/jsoncpp/1.9.5/source.json": "4108ee5085dd2885a341c7fab149429db457b3169b86eb081fa245eadf69169d",
    "https://bcr.bazel.build/modules/platforms/0.0.10/MODULE.bazel": "8cb8efaf200bdeb2150d93e162c40f388529a25852b332cec879373771e48ed5",
    "https://bcr.bazel.build/modules/platforms/0.0.10/source.json": "f22828ff4cf021a6b577f1bf6341cb9dcd7965092a439f64fc1bb3b7a5ae4bd5",
    "https://bcr.bazel.build/modules/platforms/0.0.4/MODULE.bazel": "9b328e31ee156f53f3c416a64f8491f7eb731742655a47c9eec4703a71644aee",
    "https://bcr.bazel.build/modules/platforms/0.0.5/MODULE.bazel": "5733b54ea419d5eaf7997054bb55f6a1d0b5ff8aedf0176fef9eea44f3acda37",
    "https://bcr.bazel.build/modules/platforms/0.0.6/MODULE.bazel": "ad6eeef431dc52aefd2d77ed20a4b353f8ebf0f4ecdd26a807d2da5aa8cd0615",
    "https://bcr.bazel.build/modules/platforms/0.0.7/MODULE.bazel": "72fd4a0ede9ee5c021f6a8dd92b503e089f46c227ba2813ff183b71616034814",
    "https://bcr.bazel.build/modules/platforms/0.0.8/MODULE.bazel": "9f142c03e348f6d263719f5074b21ef3adf0b139ee4c5133e2aa35664da9eb2d",
    "https://bcr.bazel.build/modules/platforms/0.0.9/MODULE.bazel": "4a87a60c927b56ddd67db50c89acaa62f4ce2a1d2149ccb63ffd871d5ce29ebc",
    "https://bcr.bazel.build/modules/protobuf/21.7/MODULE.bazel": "a5a29bb89544f9b97edce05642fac225a808b5b7be74038ea3640fae2f8e66a7",
    "https://bcr.bazel.build/modules/protobuf/27.0/MODULE.bazel": "7873b60be88844a0a1d8f80b9d5d20cfbd8495a689b8763e76c6372998d3f64c",
    "https://bcr.bazel.build/modules/protobuf/27.0/source.json": "1acf3d080c728d42f423fde5422fd0a1a24f44c15908124ce12363a253384193",
    "https://bcr.bazel.build/modules/protobuf/3.19.0/MODULE.bazel": "6b5fbb433f760a99a22b18b6850ed5784ef0e9928a72668b66e4d7ccd47db9b0",
    "https://bcr.bazel.build/modules/protobuf/3.19.6/MODULE.bazel": "9233edc5e1f2ee276a60de3eaa47ac4132302ef9643238f23128fea53ea12858",
    "https://bcr.bazel.build/modules/rules_cc/0.0.1/MODULE.bazel": "cb2aa0747f84c6c3a78dad4e2049c154f08ab9d166b1273835a8174940365647",
    "https://bcr.bazel.build/modules/rules_cc/0.0.2/MODULE.bazel": "6915987c90970493ab97393024c156ea8fb9f3bea953b2f3ec05c34f19b5695c",
    "https://bcr.bazel.build/modules/rules_cc/0.0.6/MODULE.bazel": "abf360251023dfe3efcef65ab9d56beefa8394d4176dd29529750e1c57eaa33f",
    "https://bcr.bazel.build/modules/rules_cc/0.0.8/MODULE.bazel": "964c85c82cfeb6f3855e6a07054fdb159aced38e99a5eecf7bce9d53990afa3e",
    "https://bcr.bazel.build/modules/rules_cc/0.0.9/MODULE.bazel": "836e76439f354b89afe6a911a7adf59a6b2518fafb174483ad78a2a2fde7b1c5",
    "https://bcr.bazel.build/modules/rules_cc/0.2.0/MODULE.bazel": "b5c17f90458caae90d2ccd114c81970062946f49f355610ed89bebf954f5783c",
    "https://bcr.bazel.build/modules/rules_cc/0.2.0/source.json": "5f7f4e578e950adbf194217d4b607237a8197fc53ba46c367b3d61a86ecf35c2",
    "https://bcr.bazel.build/modules/rules_java/4.0.0/MODULE.bazel": "5a78a7ae82cd1a33cef56dc578c7d2a46ed0dca12643ee45edbb8417899e6f74",
    "https://bcr.bazel.build/modules/rules_java/5.3.5/MODULE.bazel": "a4ec4f2db570171e3e5eb753276ee4b389bae16b96207e9d3230895c99644b86",
    "https://bcr.bazel.build/modules/rules_java/7.6.5/MODULE.bazel": "481164be5e02e4cab6e77a36927683263be56b7e36fef918b458d7a8a1ebadb1",
    "https://bcr.bazel.build/modules/rules_java/7.6.5/source.json": "a805b889531d1690e3c72a7a7e47a870d00323186a9904b36af83aa3d053ee8d",
    "https://bcr.bazel.build/modules/rules_jvm_external/4.4.2/MODULE.bazel": "a56b85e418c83eb1839819f0b515c431010160383306d13ec21959ac412d2fe7",
    "https://bcr.bazel.build/modules/rules_jvm_external/5.1/MODULE.bazel": "33f6f999e03183f7d088c9be518a63467dfd0be94a11d0055fe2d210f89aa909",
    "https://bcr.bazel.build/modules/rules_jvm_external/5.1/source.json": "5abb45cc9beb27b77aec6a65a11855ef2b55d95dfdc358e9f312b78ae0ba32d5",
    "https://bcr.bazel.build/modules/rules_license/0.0.3/MODULE.bazel": "627e9ab0247f7d1e05736b59dbb1b6871373de5ad31c3011880b4133cafd4bd0",
    "https://bcr.bazel.build/modules/rules_license/0.0.7/MODULE.bazel": "088fbeb0b6a419005b89cf93fe62d9517c0a2b8bb56af3244af65ecfe37e7d5d",
    "https://bcr.bazel.build/modules/rules_license/1.0.0/MODULE.bazel": "a7fda60eefdf3d8c827262ba499957e4df06f659330bbe6cdbdb975b768bb65c",
    "https://bcr.bazel.build/modules/rules_license/1.0.0/source.json": "a52c89e54cc311196e478f8382df91c15f7a2bfdf4c6cd0e2675cc2ff0b56efb",
    "https://bcr.bazel.build/modules/rules_pkg/0.7.0/MODULE.bazel": "df99f03fc7934a4737122518bb87e667e62d780b610910f0447665a7e2be62dc",
    "https://bcr.bazel.build/modules/rules_pkg/0.7.0/source.json": "c2557066e0c0342223ba592510ad3d812d4963b9024831f7f66fd0584dd8c66c",
    "https://bcr.bazel.build/modules/rules_proto/4.0.0/MODULE.bazel": "a7a7b6ce9bee418c1a760b3d84f83a299ad6952f9903c67f19e4edd964894e06",
    "https://bcr.bazel.build/modules/rules_proto/5.3.0-21.7/MODULE.bazel": "e8dff86b0971688790ae75528fe1813f71809b5afd57facb44dad9e8eca631b7",
    "https://bcr.bazel.build/modules/rules_proto/5.3.0-21.7/source.json": "d57902c052424dfda0e71646cb12668d39c4620ee0544294d9d941e7d12bc3a9",
    "https://bcr.bazel.build/modules/rules_python/0.10.2/MODULE.bazel": "cc82bc96f2997baa545ab3ce73f196d040ffb8756fd2d66125a530031cd90e5f",
    "https://bcr.bazel.build/modules/rules_python/0.22.1/MODULE.bazel": "26114f0c0b5e93018c0c066d6673f1a2c3737c7e90af95eff30cfee38d0bbac7",
    "https://bcr.bazel.build/modules/rules_python/0.30.0/MODULE.bazel": "4edf4fd9555f6a67816ed0a4fbcc5ba662d9b541ab833246b5b75d7d43e8eaab",
    "https://bcr.bazel.build/modules/rules_python/0.30.0/source.json": "6673f8d5cc7fefcf88dd9f76e54b0d58c9650303f9025bded5aa295e6950278a",
    "https://bcr.bazel.build/modules/rules_python/0.4.0/MODULE.bazel": "9208ee05fd48bf09ac60ed269791cf17fb343db56c8226a720fbb1cdf467166c",
    "https://bcr.bazel.build/modules/stardoc/0.5.1/MODULE.bazel": "1a05d92974d0c122f5ccf09291442580317cdd859f07a8655f1db9a60374f9f8",
    "https://bcr.bazel.build/modules/stardoc/0.5.3/MODULE.bazel": "c7f6948dae6999bf0db32c1858ae345f112cacf98f174c7a8bb707e41b974f1c",
    "https://bcr.bazel.build/modules/stardoc/0.5.3/source.json": "cd53fe968dc8cd98197c052db3db6d82562960c87b61e7a90ee96f8e4e0dda97",
    "https://bcr.bazel.build/modules/upb/0.0.0-20220923-a547704/MODULE.bazel": "7298990c00040a0e2f121f6c32544bab27d4452f80d9ce51349b1a28f3005c43",
    "https://bcr.bazel.build/modules/zlib/1.2.11/MODULE.bazel": "07b389abc85fdbca459b69e2ec656ae5622873af3f845e1c9d80fe179f3effa0",
    "https://bcr.bazel.build/modules/zlib/1.2.12/MODULE.bazel": "3b1a8834ada2a883674be8cbd36ede1b6ec481477ada359cd2d3ddc562340b27",
    "https://bcr.bazel.build/modules/zlib/1.3.1.bcr.3/MODULE.bazel": "af322bc08976524477c79d1e45e241b6efbeb918c497e8840b8ab116802dda79",
    "https://bcr.bazel.build/modules/zlib/1.3.1.bcr.3/source.json": "2be409ac3c7601245958cd4fcdff4288be79ed23bd690b4b951f500d54ee6e7d"
  },
  "selectedYankedVersions": {},
  "moduleExtensions": {
    "@@apple_support~//crosstool:setup.bzl%apple_cc_configure_extension": {
      "general": {
        "bzlTransitiveDigest": "PjIds3feoYE8SGbbIq2SFTZy3zmxeO2tQevJZNDo7iY=",
        "usagesDigest": "+hz7IHWN6A1oVJJWNDB6yZRG+RYhF76wAYItpAeIUIg=",
        "recordedFileInputs": {},
        "recordedDirentsInputs": {},
        "envVariables": {},
        "generatedRepoSpecs": {
          "local_config_apple_cc_toolchains": {
            "bzlFile": "@@apple_support~//crosstool:setup.bzl",
            "ruleClassName": "_apple_cc_autoconf_toolchains",
            "attributes": {}
          },
          "local_config_apple_cc": {
            "bzlFile": "@@apple_support~//crosstool:setup.bzl",
            "ruleClassName": "_apple_cc_autoconf",
            "attributes": {}
          }
        },
        "recordedRepoMappingEntries": [
          [
            "apple_support~",
            "bazel_tools",
            "bazel_tools"
          ]
        ]
      }
    },
    "@@platforms//host:extension.bzl%host_platform": {
      "general": {
        "bzlTransitiveDigest": "xelQcPZH8+tmuOHVjL9vDxMnnQNMlwj0SlvgoqBkm4U=",
        "usagesDigest": "hgylFkgWSg0ulUwWZzEM1aIftlUnbmw2ynWLdEfHnZc=",
        "recordedFileInputs": {},
        "recordedDirentsInputs": {},
        "envVariables": {},
        "generatedRepoSpecs": {
          "host_platform": {
            "bzlFile": "@@platforms//host:extension.bzl",
            "ruleClassName": "host_platform_repo",
            "attributes": {}
          }
        },
        "recordedRepoMappingEntries": []
      }
    },
    "@@rules_python~//python/extensions:python.bzl%python": {
      "general": {
        "bzlTransitiveDigest": "rZDUfZb2801M2lhdyELwDiuevgs6wL9Q4/aOaiwfb4U=",
        "usagesDigest": "y9TjMDgThkdR/8RAFutYDyIDuNIjSOIJxj2VBN2Y6Sc=",
        "recordedFileInputs": {},
        "recordedDirentsInputs": {},
        "envVariables": {
          "RULES_PYTHON_BZLMOD_DEBUG": null
        },
        "generatedRepoSpecs": {
          "python_3_11_aarch64-apple-darwin": {
            "bzlFile": "@@rules_python~//python:repositories.bzl",
            "ruleClassName": "python_repository",
            "attributes": {
              "sha256": "b042c966920cf8465385ca3522986b12d745151a72c060991088977ca36d3883",
              "patches": [],
              "platform": "aarch64-apple-darwin",
              "python_version": "3.11.7",
              "release_filename": "20240107/cpython-3.11.7+20240107-aarch64-apple-darwin-install_only.tar.gz",
              "urls": [
                "https://github.com/indygreg/python-build-standalone/releases/download/20240107/cpython-3.11.7+20240107-aarch64-apple-darwin-install_only.tar.gz"
              ],
              "distutils_content": "",
              "strip_prefix": "python",
              "coverage_tool": "",
              "ignore_root_user_error": false
            }
          },
          "python_3_11_aarch64-unknown-linux-gnu": {
            "bzlFile": "@@rules_python~//python:repositories.bzl",
            "ruleClassName": "python_repository",
            "attributes": {
              "sha256": "b102eaf865eb715aa98a8a2ef19037b6cc3ae7dfd4a632802650f29de635aa13",
              "patches": [],
              "platform": "aarch64-unknown-linux-gnu",
              "python_version": "3.11.7",
              "release_filename": "20240107/cpython-3.11.7+20240107-aarch64-unknown-linux-gnu-install_only.tar.gz",
              "urls": [
                "https://github.com/indygreg/python-build-standalone/releases/download/20240107/cpython-3.11.7+20240107-aarch64-unknown-linux-gnu-install_only.tar.gz"
              ],
              "distutils_content": "",
              "strip_prefix": "python",
              "coverage_tool": "",
              "ignore_root_user_error": false
            }
          },
          "python_3_11_ppc64le-unknown-linux-gnu": {
            "bzlFile": "@@rules_python~//python:repositories.bzl",
            "ruleClassName": "python_repository",
            "attributes": {
              "sha256": "b44e1b74afe75c7b19143413632c4386708ae229117f8f950c2094e9681d34c7",
              "patches": [],
              "platform": "ppc64le-unknown-linux-gnu",
              "python_version": "3.11.7",
              "release_filename": "20240107/cpython-3.11.7+20240107-ppc64le-unknown-linux-gnu-install_only.tar.gz",
              "urls": [
                "https://github.com/indygreg/python-build-standalone/releases/download/20240107/cpython-3.11.7+20240107-ppc64le-unknown-linux-gnu-install_only.tar.gz"
              ],
              "distutils_content": "",
              "strip_prefix": "python",
              "coverage_tool": "",
              "ignore_root_user_error": false
            }
          },
          "python_3_11_s390x-unknown-linux-gnu": {
            "bzlFile": "@@rules_python~//python:repositories.bzl",
            "ruleClassName": "python_repository",
            "attributes": {
              "sha256": "49520e3ff494708020f306e30b0964f079170be83e956be4504f850557378a22",
              "patches": [],
              "platform": "s390x-unknown-linux-gnu",
              "python_version": "3.11.7",
              "release_filename": "20240107/cpython-3.11.7+20240107-s390x-unknown-linux-gnu-install_only.tar.gz",
              "urls": [
                "https://github.com/indygreg/python-build-standalone/releases/download/20240107/cpython-3.11.7+20240107-s390x-unknown-linux-gnu-install_only.tar.gz"
              ],
              "distutils_content": "",
              "strip_prefix": "python",
              "coverage_tool": "",
              "ignore_root_user_error": false
            }
          },
          "python_3_11_x86_64-apple-darwin": {
            "bzlFile": "@@rules_python~//python:repositories.bzl",
            "ruleClassName": "python_repository",
            "attributes": {
              "sha256": "a0e615eef1fafdc742da0008425a9030b7ea68a4ae4e73ac557ef27b112836d4",
              "patches": [],
              "platform": "x86_64-apple-darwin",
              "python_version": "3.11.7",
              "release_filename": "20240107/cpython-3.11.7+20240107-x86_64-apple-darwin-install_only.tar.gz",
              "urls": [
                "https://github.com/indygreg/python-build-standalone/releases/download/20240107/cpython-3.11.7+20240107-x86_64-apple-darwin-install_only.tar.gz"
              ],
              "distutils_content": "",
              "strip_prefix": "python",
              "coverage_tool": "",
              "ignore_root_user_error": false
            }
          },
          "python_3_11_x86_64-pc-windows-msvc": {
            "bzlFile": "@@rules_python~//python:repositories.bzl",
            "ruleClassName": "python_repository",
            "attributes": {
              "sha256": "67077e6fa918e4f4fd60ba169820b00be7c390c497bf9bc9cab2c255ea8e6f3e",
              "patches": [],
              "platform": "x86_64-pc-windows-msvc",
              "python_version": "3.11.7",
              "release_filename": "20240107/cpython-3.11.7+20240107-x86_64-pc-windows-msvc-shared-install_only.tar.gz",
              "urls": [
                "https://github.com/indygreg/python-build-standalone/releases/download/20240107/cpython-3.11.7+20240107-x86_64-pc-windows-msvc-shared-install_only.tar.gz"
              ],
              "distutils_content": "",
              "strip_prefix": "python",
              "coverage_tool": "",
              "ignore_root_user_error": false
            }
          },
          "python_3_11_x86_64-unknown-linux-gnu": {
            "bzlFile": "@@rules_python~//python:repositories.bzl",
            "ruleClassName": "python_repository",
            "attributes": {
              "sha256": "4a51ce60007a6facf64e5495f4cf322e311ba9f39a8cd3f3e4c026eae488e140",
              "patches": [],
              "platform": "x86_64-unknown-linux-gnu",
              "python_version": "3.11.7",
              "release_filename": "20240107/cpython-3.11.7+20240107-x86_64-unknown-linux-gnu-install_only.tar.gz",
              "urls": [
                "https://github.com/indygreg/python-build-standalone/releases/download/20240107/cpython-3.11.7+20240107-x86_64-unknown-linux-gnu-install_only.tar.gz"
              ],
              "distutils_content": "",
              "strip_prefix": "python",
              "coverage_tool": "",
              "ignore_root_user_error": false
            }
          },
          "python_3_11_host": {
            "bzlFile": "@@rules_python~//python/private:toolchains_repo.bzl",
            "ruleClassName": "host_toolchain",
            "attributes": {
              "python_version": "3.11.7",
              "user_repository_name": "python_3_11",
              "platforms": [
                "aarch64-apple-darwin",
                "aarch64-unknown-linux-gnu",
                "ppc64le-unknown-linux-gnu",
                "s390x-unknown-linux-gnu",
                "x86_64-apple-darwin",
                "x86_64-pc-windows-msvc",
                "x86_64-unknown-linux-gnu"
              ]
            }
          },
          "python_3_11": {
            "bzlFile": "@@rules_python~//python/private:toolchains_repo.bzl",
            "ruleClassName": "toolchain_aliases",
            "attributes": {
              "python_version": "3.11.7",
              "user_repository_name": "python_3_11",
              "platforms": [
                "aarch64-apple-darwin",
                "aarch64-unknown-linux-gnu",
                "ppc64le-unknown-linux-gnu",
                "s390x-unknown-linux-gnu",
                "x86_64-apple-darwin",
                "x86_64-pc-windows-msvc",
                "x86_64-unknown-linux-gnu"
              ]
            }
          },
          "pythons_hub": {
            "bzlFile": "@@rules_python~//python/private/bzlmod:pythons_hub.bzl",
            "ruleClassName": "hub_repo",
            "attributes": {
              "default_python_version": "3.11",
              "toolchain_prefixes": [
                "_0000_python_3_11_"
              ],
              "toolchain_python_versions": [
                "3.11"
              ],
              "toolchain_set_python_version_constraints": [
                "False"
              ],
              "toolchain_user_repository_names": [
                "python_3_11"
              ]
            }
          },
          "python_versions": {
            "bzlFile": "@@rules_python~//python/private:toolchains_repo.bzl",
            "ruleClassName": "multi_toolchain_aliases",
            "attributes": {
              "python_versions": {
                "3.11": "python_3_11"
              }
            }
          }
        },
        "recordedRepoMappingEntries": [
          [
            "rules_python~",
            "bazel_skylib",
            "bazel_skylib~"
          ],
          [
            "rules_python~",
            "bazel_tools",
            "bazel_tools"
          ]
        ]
      }
    },
    "@@rules_python~//python/private/bzlmod:internal_deps.bzl%internal_deps": {
      "general": {
        "bzlTransitiveDigest": "1o2SJNZAzq3Cuu6zILlPAsHYhrFXI2q7CgcQmfjp6qE=",
        "usagesDigest": "S6jjIWyvgJszKtykFJW4U9arxBoy0f5YCzTEXIAd3do=",
        "recordedFileInputs": {},
        "recordedDirentsInputs": {},
        "envVariables": {},
        "generatedRepoSpecs": {
          "rules_python_internal": {
            "bzlFile": "@@rules_python~//python/private:internal_config_repo.bzl",
            "ruleClassName": "internal_config_repo",
            "attributes": {}
          },
          "pypi__build": {
            "bzlFile": "@@bazel_tools//tools/build_defs/repo:http.bzl",
            "ruleClassName": "http_archive",
            "attributes": {
              "url": "https://files.pythonhosted.org/packages/58/91/17b00d5fac63d3dca605f1b8269ba3c65e98059e1fd99d00283e42a454f0/build-0.10.0-py3-none-any.whl",
              "sha256": "af266720050a66c893a6096a2f410989eeac74ff9a68ba194b3f6473e8e26171",
              "type": "zip",
              "build_file_content": "package(default_visibility = [\"//visibility:public\"])\n\nload(\"@rules_python//python:defs.bzl\", \"py_library\")\n\npy_library(\n    name = \"lib\",\n    srcs = glob([\"**/*.py\"]),\n    data = glob([\"**/*\"], exclude=[\n        # These entries include those put into user-installed dependencies by\n        # data_exclude in /python/pip_install/tools/bazel.py\n        # to avoid non-determinism following pip install's behavior.\n        \"**/*.py\",\n        \"**/*.pyc\",\n        \"**/*.pyc.*\",  # During pyc creation, temp files named *.pyc.NNN are created\n        \"**/* *\",\n        \"**/*.dist-info/RECORD\",\n        \"BUILD\",\n        \"WORKSPACE\",\n    ]),\n    # This makes this directory a top-level in the python import\n    # search path for anything that depends on this.\n    imports = [\".\"],\n)\n"
            }
          },
          "pypi__click": {
            "bzlFile": "@@bazel_tools//tools/build_defs/repo:http.bzl",
            "ruleClassName": "http_archive",
            "attributes": {
              "url": "https://files.pythonhosted.org/packages/00/2e/d53fa4befbf2cfa713304affc7ca780ce4fc1fd8710527771b58311a3229/click-8.1.7-py3-none-any.whl",
              "sha256": "ae74fb96c20a0277a1d615f1e4d73c8414f5a98db8b799a7931d1582f3390c28",
              "type": "zip",
              "build_file_content": "package(default_visibility = [\"//visibility:public\"])\n\nload(\"@rules_python//python:defs.bzl\", \"py_library\")\n\npy_library(\n    name = \"lib\",\n    srcs = glob([\"**/*.py\"]),\n    data = glob([\"**/*\"], exclude=[\n        # These entries include those put into user-installed dependencies by\n        # data_exclude in /python/pip_install/tools/bazel.py\n        # to avoid non-determinism following pip install's behavior.\n        \"**/*.py\",\n        \"**/*.pyc\",\n        \"**/*.pyc.*\",  # During pyc creation, temp files named *.pyc.NNN are created\n        \"**/* *\",\n        \"**/*.dist-info/RECORD\",\n        \"BUILD\",\n        \"WORKSPACE\",\n    ]),\n    # This makes this directory a top-level in the python import\n    # search path for anything that depends on this.\n    imports = [\".\"],\n)\n"
            }
          },
          "pypi__colorama": {
            "bzlFile": "@@bazel_tools//tools/build_defs/repo:http.bzl",
            "ruleClassName": "http_archive",
            "attributes": {
              "url": "https://files.pythonhosted.org/packages/d1/d6/3965ed04c63042e047cb6a3e6ed1a63a35087b6a609aa3a15ed8ac56c221/colorama-0.4.6-py2.py3-none-any.whl",
              "sha256": "4f1d9991f5acc0ca119f9d443620b77f9d6b33703e51011c16baf57afb285fc6",
              "type": "zip",
              "build_file_content": "package(default_visibility = [\"//visibility:public\"])\n\nload(\"@rules_python//python:defs.bzl\", \"py_library\")\n\npy_library(\n    name = \"lib\",\n    srcs = glob([\"**/*.py\"]),\n    data = glob([\"**/*\"], exclude=[\n        # These entries include those put into user-installed dependencies by\n        # data_exclude in /python/pip_install/tools/bazel.py\n        # to avoid non-determinism following pip install's behavior.\n        \"**/*.py\",\n        \"**/*.pyc\",\n        \"**/*.pyc.*\",  # During pyc creation, temp files named *.pyc.NNN are created\n        \"**/* *\",\n        \"**/*.dist-info/RECORD\",\n        \"BUILD\",\n        \"WORKSPACE\",\n    ]),\n    # This makes this directory a top-level in the python import\n    # search path for anything that depends on this.\n    imports = [\".\"],\n)\n"
            }
          },
          "pypi__importlib_metadata": {
            "bzlFile": "@@bazel_tools//tools/build_defs/repo:http.bzl",
            "ruleClassName": "http_archive",
            "attributes": {
              "url": "https://files.pythonhosted.org/packages/cc/37/db7ba97e676af155f5fcb1a35466f446eadc9104e25b83366e8088c9c926/importlib_metadata-6.8.0-py3-none-any.whl",
              "sha256": "3ebb78df84a805d7698245025b975d9d67053cd94c79245ba4b3eb694abe68bb",
              "type": "zip",
              "build_file_content": "package(default_visibility = [\"//visibility:public\"])\n\nload(\"@rules_python//python:defs.bzl\", \"py_library\")\n\npy_library(\n    name = \"lib\",\n    srcs = glob([\"**/*.py\"]),\n    data = glob([\"**/*\"], exclude=[\n        # These entries include those put into user-installed dependencies by\n        # data_exclude in /python/pip_install/tools/bazel.py\n        # to avoid non-determinism following pip install's behavior.\n        \"**/*.py\",\n        \"**/*.pyc\",\n        \"**/*.pyc.*\",  # During pyc creation, temp files named *.pyc.NNN are created\n        \"**/* *\",\n        \"**/*.dist-info/RECORD\",\n        \"BUILD\",\n        \"WORKSPACE\",\n    ]),\n    # This makes this directory a top-level in the python import\n    # search path for anything that depends on this.\n    imports = [\".\"],\n)\n"
            }
          },
          "pypi__installer": {
            "bzlFile": "@@bazel_tools//tools/build_defs/repo:http.bzl",
            "ruleClassName": "http_archive",
            "attributes": {
              "url": "https://files.pythonhosted.org/packages/e5/ca/1172b6638d52f2d6caa2dd262ec4c811ba59eee96d54a7701930726bce18/installer-0.7.0-py3-none-any.whl",
              "sha256": "05d1933f0a5ba7d8d6296bb6d5018e7c94fa473ceb10cf198a92ccea19c27b53",
              "type": "zip",
              "build_file_content": "package(default_visibility = [\"//visibility:public\"])\n\nload(\"@rules_python//python:defs.bzl\", \"py_library\")\n\npy_library(\n    name = \"lib\",\n    srcs = glob([\"**/*.py\"]),\n    data = glob([\"**/*\"], exclude=[\n        # These entries include those put into user-installed dependencies by\n        # data_exclude in /python/pip_install/tools/bazel.py\n        # to avoid non-determinism following pip install's behavior.\n        \"**/*.py\",\n        \"**/*.pyc\",\n        \"**/*.pyc.*\",  # During pyc creation, temp files named *.pyc.NNN are created\n        \"**/* *\",\n        \"**/*.dist-info/RECORD\",\n        \"BUILD\",\n        \"WORKSPACE\",\n    ]),\n    # This makes this directory a top-level in the python import\n    # search path for anything that depends on this.\n    imports = [\".\"],\n)\n"
            }
          },
          "pypi__more_itertools": {
            "bzlFile": "@@bazel_tools//tools/build_defs/repo:http.bzl",
            "ruleClassName": "http_archive",
            "attributes": {
              "url": "https://files.pythonhosted.org/packages/5a/cb/6dce742ea14e47d6f565589e859ad225f2a5de576d7696e0623b784e226b/more_itertools-10.1.0-py3-none-any.whl",
              "sha256": "64e0735fcfdc6f3464ea133afe8ea4483b1c5fe3a3d69852e6503b43a0b222e6",
              "type": "zip",
              "build_file_content": "package(default_visibility = [\"//visibility:public\"])\n\nload(\"@rules_python//python:defs.bzl\", \"py_library\")\n\npy_library(\n    name = \"lib\",\n    srcs = glob([\"**/*.py\"]),\n    data = glob([\"**/*\"], exclude=[\n        # These entries include those put into user-installed dependencies by\n        # data_exclude in /python/pip_install/tools/bazel.py\n        # to avoid non-determinism following pip install's behavior.\n        \"**/*.py\",\n        \"**/*.pyc\",\n        \"**/*.pyc.*\",  # During pyc creation, temp files named *.pyc.NNN are created\n        \"**/* *\",\n        \"**/*.dist-info/RECORD\",\n        \"BUILD\",\n        \"WORKSPACE\",\n    ]),\n    # This makes this directory a top-level in the python import\n    # search path for anything that depends on this.\n    imports = [\".\"],\n)\n"
            }
          },
          "pypi__packaging": {
            "bzlFile": "@@bazel_tools//tools/build_defs/repo:http.bzl",
            "ruleClassName": "http_archive",
            "attributes": {
              "url": "https://files.pythonhosted.org/packages/ab/c3/57f0601a2d4fe15de7a553c00adbc901425661bf048f2a22dfc500caf121/packaging-23.1-py3-none-any.whl",
              "sha256": "994793af429502c4ea2ebf6bf664629d07c1a9fe974af92966e4b8d2df7edc61",
              "type": "zip",
              "build_file_content": "package(default_visibility = [\"//visibility:public\"])\n\nload(\"@rules_python//python:defs.bzl\", \"py_library\")\n\npy_library(\n    name = \"lib\",\n    srcs = glob([\"**/*.py\"]),\n    data = glob([\"**/*\"], exclude=[\n        # These entries include those put into user-installed dependencies by\n        # data_exclude in /python/pip_install/tools/bazel.py\n        # to avoid non-determinism following pip install's behavior.\n        \"**/*.py\",\n        \"**/*.pyc\",\n        \"**/*.pyc.*\",  # During pyc creation, temp files named *.pyc.NNN are created\n        \"**/* *\",\n        \"**/*.dist-info/RECORD\",\n        \"BUILD\",\n        \"WORKSPACE\",\n    ]),\n    # This makes this directory a top-level in the python import\n    # search path for anything that depends on this.\n    imports = [\".\"],\n)\n"
            }
          },
          "pypi__pep517": {
            "bzlFile": "@@bazel_tools//tools/build_defs/repo:http.bzl",
            "ruleClassName": "http_archive",
            "attributes": {
              "url": "https://files.pythonhosted.org/packages/ee/2f/ef63e64e9429111e73d3d6cbee80591672d16f2725e648ebc52096f3d323/pep517-0.13.0-py3-none-any.whl",
              "sha256": "4ba4446d80aed5b5eac6509ade100bff3e7943a8489de249654a5ae9b33ee35b",
              "type": "zip",
              "build_file_content": "package(default_visibility = [\"//visibility:public\"])\n\nload(\"@rules_python//python:defs.bzl\", \"py_library\")\n\npy_library(\n    name = \"lib\",\n    srcs = glob([\"**/*.py\"]),\n    data = glob([\"**/*\"], exclude=[\n        # These entries include those put into user-installed dependencies by\n        # data_exclude in /python/pip_install/tools/bazel.py\n        # to avoid non-determinism following pip install's behavior.\n        \"**/*.py\",\n        \"**/*.pyc\",\n        \"**/*.pyc.*\",  # During pyc creation, temp files named *.pyc.NNN are created\n        \"**/* *\",\n        \"**/*.dist-info/RECORD\",\n        \"BUILD\",\n        \"WORKSPACE\",\n    ]),\n    # This makes this directory a top-level in the python import\n    # search path for anything that depends on this.\n    imports = [\".\"],\n)\n"
            }
          },
          "pypi__pip": {
            "bzlFile": "@@bazel_tools//tools/build_defs/repo:http.bzl",
            "ruleClassName": "http_archive",
            "attributes": {
              "url": "https://files.pythonhosted.org/packages/50/c2/e06851e8cc28dcad7c155f4753da8833ac06a5c704c109313b8d5a62968a/pip-23.2.1-py3-none-any.whl",
              "sha256": "7ccf472345f20d35bdc9d1841ff5f313260c2c33fe417f48c30ac46cccabf5be",
              "type": "zip",
              "build_file_content": "package(default_visibility = [\"//visibility:public\"])\n\nload(\"@rules_python//python:defs.bzl\", \"py_library\")\n\npy_library(\n    name = \"lib\",\n    srcs = glob([\"**/*.py\"]),\n    data = glob([\"**/*\"], exclude=[\n        # These entries include those put into user-installed dependencies by\n        # data_exclude in /python/pip_install/tools/bazel.py\n        # to avoid non-determinism following pip install's behavior.\n        \"**/*.py\",\n        \"**/*.pyc\",\n        \"**/*.pyc.*\",  # During pyc creation, temp files named *.pyc.NNN are created\n        \"**/* *\",\n        \"**/*.dist-info/RECORD\",\n        \"BUILD\",\n        \"WORKSPACE\",\n    ]),\n    # This makes this directory a top-level in the python import\n    # search path for anything that depends on this.\n    imports = [\".\"],\n)\n"
            }
          },
          "pypi__pip_tools": {
            "bzlFile": "@@bazel_tools//tools/build_defs/repo:http.bzl",
            "ruleClassName": "http_archive",
            "attributes": {
              "url": "https://files.pythonhosted.org/packages/e8/df/47e6267c6b5cdae867adbdd84b437393e6202ce4322de0a5e0b92960e1d6/pip_tools-7.3.0-py3-none-any.whl",
              "sha256": "8717693288720a8c6ebd07149c93ab0be1fced0b5191df9e9decd3263e20d85e",
              "type": "zip",
              "build_file_content": "package(default_visibility = [\"//visibility:public\"])\n\nload(\"@rules_python//python:defs.bzl\", \"py_library\")\n\npy_library(\n    name = \"lib\",\n    srcs = glob([\"**/*.py\"]),\n    data = glob([\"**/*\"], exclude=[\n        # These entries include those put into user-installed dependencies by\n        # data_exclude in /python/pip_install/tools/bazel.py\n        # to avoid non-determinism following pip install's behavior.\n        \"**/*.py\",\n        \"**/*.pyc\",\n        \"**/*.pyc.*\",  # During pyc creation, temp files named *.pyc.NNN are created\n        \"**/* *\",\n        \"**/*.dist-info/RECORD\",\n        \"BUILD\",\n        \"WORKSPACE\",\n    ]),\n    # This makes this directory a top-level in the python import\n    # search path for anything that depends on this.\n    imports = [\".\"],\n)\n"
            }
          },
          "pypi__pyproject_hooks": {
            "bzlFile": "@@bazel_tools//tools/build_defs/repo:http.bzl",
            "ruleClassName": "http_archive",
            "attributes": {
              "url": "https://files.pythonhosted.org/packages/d5/ea/9ae603de7fbb3df820b23a70f6aff92bf8c7770043254ad8d2dc9d6bcba4/pyproject_hooks-1.0.0-py3-none-any.whl",
              "sha256": "283c11acd6b928d2f6a7c73fa0d01cb2bdc5f07c57a2eeb6e83d5e56b97976f8",
              "type": "zip",
              "build_file_content": "package(default_visibility = [\"//visibility:public\"])\n\nload(\"@rules_python//python:defs.bzl\", \"py_library\")\n\npy_library(\n    name = \"lib\",\n    srcs = glob([\"**/*.py\"]),\n    data = glob([\"**/*\"], exclude=[\n        # These entries include those put into user-installed dependencies by\n        # data_exclude in /python/pip_install/tools/bazel.py\n        # to avoid non-determinism following pip install's behavior.\n        \"**/*.py\",\n        \"**/*.pyc\",\n        \"**/*.pyc.*\",  # During pyc creation, temp files named *.pyc.NNN are created\n        \"**/* *\",\n        \"**/*.dist-info/RECORD\",\n        \"BUILD\",\n        \"WORKSPACE\",\n    ]),\n    # This makes this directory a top-level in the python import\n    # search path for anything that depends on this.\n    imports = [\".\"],\n)\n"
            }
          },
          "pypi__setuptools": {
            "bzlFile": "@@bazel_tools//tools/build_defs/repo:http.bzl",
            "ruleClassName": "http_archive",
            "attributes": {
              "url": "https://files.pythonhosted.org/packages/4f/ab/0bcfebdfc3bfa8554b2b2c97a555569c4c1ebc74ea288741ea8326c51906/setuptools-68.1.2-py3-none-any.whl",
              "sha256": "3d8083eed2d13afc9426f227b24fd1659489ec107c0e86cec2ffdde5c92e790b",
              "type": "zip",
              "build_file_content": "package(default_visibility = [\"//visibility:public\"])\n\nload(\"@rules_python//python:defs.bzl\", \"py_library\")\n\npy_library(\n    name = \"lib\",\n    srcs = glob([\"**/*.py\"]),\n    data = glob([\"**/*\"], exclude=[\n        # These entries include those put into user-installed dependencies by\n        # data_exclude in /python/pip_install/tools/bazel.py\n        # to avoid non-determinism following pip install's behavior.\n        \"**/*.py\",\n        \"**/*.pyc\",\n        \"**/*.pyc.*\",  # During pyc creation, temp files named *.pyc.NNN are created\n        \"**/* *\",\n        \"**/*.dist-info/RECORD\",\n        \"BUILD\",\n        \"WORKSPACE\",\n    ]),\n    # This makes this directory a top-level in the python import\n    # search path for anything that depends on this.\n    imports = [\".\"],\n)\n"
            }
          },
          "pypi__tomli": {
            "bzlFile": "@@bazel_tools//tools/build_defs/repo:http.bzl",
            "ruleClassName": "http_archive",
            "attributes": {
              "url": "https://files.pythonhosted.org/packages/97/75/10a9ebee3fd790d20926a90a2547f0bf78f371b2f13aa822c759680ca7b9/tomli-2.0.1-py3-none-any.whl",
              "sha256": "939de3e7a6161af0c887ef91b7d41a53e7c5a1ca976325f429cb46ea9bc30ecc",
              "type": "zip",
              "build_file_content": "package(default_visibility = [\"//visibility:public\"])\n\nload(\"@rules_python//python:defs.bzl\", \"py_library\")\n\npy_library(\n    name = \"lib\",\n    srcs = glob([\"**/*.py\"]),\n    data = glob([\"**/*\"], exclude=[\n        # These entries include those put into user-installed dependencies by\n        # data_exclude in /python/pip_install/tools/bazel.py\n        # to avoid non-determinism following pip install's behavior.\n        \"**/*.py\",\n        \"**/*.pyc\",\n        \"**/*.pyc.*\",  # During pyc creation, temp files named *.pyc.NNN are created\n        \"**/* *\",\n        \"**/*.dist-info/RECORD\",\n        \"BUILD\",\n        \"WORKSPACE\",\n    ]),\n    # This makes this directory a top-level in the python import\n    # search path for anything that depends on this.\n    imports = [\".\"],\n)\n"
            }
          },
          "pypi__wheel": {
            "bzlFile": "@@bazel_tools//tools/build_defs/repo:http.bzl",
            "ruleClassName": "http_archive",
            "attributes": {
              "url": "https://files.pythonhosted.org/packages/b8/8b/31273bf66016be6ad22bb7345c37ff350276cfd46e389a0c2ac5da9d9073/wheel-0.41.2-py3-none-any.whl",
              "sha256": "75909db2664838d015e3d9139004ee16711748a52c8f336b52882266540215d8",
              "type": "zip",
              "build_file_content": "package(default_visibility = [\"//visibility:public\"])\n\nload(\"@rules_python//python:defs.bzl\", \"py_library\")\n\npy_library(\n    name = \"lib\",\n    srcs = glob([\"**/*.py\"]),\n    data = glob([\"**/*\"], exclude=[\n        # These entries include those put into user-installed dependencies by\n        # data_exclude in /python/pip_install/tools/bazel.py\n        # to avoid non-determinism following pip install's behavior.\n        \"**/*.py\",\n        \"**/*.pyc\",\n        \"**/*.pyc.*\",  # During pyc creation, temp files named *.pyc.NNN are created\n        \"**/* *\",\n        \"**/*.dist-info/RECORD\",\n        \"BUILD\",\n        \"WORKSPACE\",\n    ]),\n    # This makes this directory a top-level in the python import\n    # search path for anything that depends on this.\n    imports = [\".\"],\n)\n"
            }
          },
          "pypi__zipp": {
            "bzlFile": "@@bazel_tools//tools/build_defs/repo:http.bzl",
            "ruleClassName": "http_archive",
            "attributes": {
              "url": "https://files.pythonhosted.org/packages/8c/08/d3006317aefe25ea79d3b76c9650afabaf6d63d1c8443b236e7405447503/zipp-3.16.2-py3-none-any.whl",
              "sha256": "679e51dd4403591b2d6838a48de3d283f3d188412a9782faadf845f298736ba0",
              "type": "zip",
              "build_file_content": "package(default_visibility = [\"//visibility:public\"])\n\nload(\"@rules_python//python:defs.bzl\", \"py_library\")\n\npy_library(\n    name = \"lib\",\n    srcs = glob([\"**/*.py\"]),\n    data = glob([\"**/*\"], exclude=[\n        # These entries include those put into user-installed dependencies by\n        # data_exclude in /python/pip_install/tools/bazel.py\n        # to avoid non-determinism following pip install's behavior.\n        \"**/*.py\",\n        \"**/*.pyc\",\n        \"**/*.pyc.*\",  # During pyc creation, temp files named *.pyc.NNN are created\n        \"**/* *\",\n        \"**/*.dist-info/RECORD\",\n        \"BUILD\",\n        \"WORKSPACE\",\n    ]),\n    # This makes this directory a top-level in the python import\n    # search path for anything that depends on this.\n    imports = [\".\"],\n)\n"
            }
          }
        },
        "recordedRepoMappingEntries": [
          [
            "rules_python~",
            "bazel_tools",
            "bazel_tools"
          ]
        ]
      }
    }
  }
}
